
Microsoft Visual Studio Solution File, Format Version 12.00
# Visual Studio Version 17
VisualStudioVersion = 17.0.31903.59
MinimumVisualStudioVersion = 10.0.40219.1
Project("{2150E333-8FDC-42A3-9474-1A3956D46DE8}") = "Publicized", "Publicized", "{13690DB7-DDCB-4696-BED3-7D678EA970EF}"
EndProject
Project("{FAE04EC0-301F-11D3-BF4B-00C04F79EFBC}") = "UnturnedRedistExample.Publicized", "Publicized\UnturnedRedistExample.Publicized.csproj", "{48B3A1E5-F587-42CC-93BC-91562998D480}"
EndProject
Project("{2150E333-8FDC-42A3-9474-1A3956D46DE8}") = "Reflection", "Reflection", "{4AEFA1A0-0E78-32D8-7F79-B3573092D8DF}"
EndProject
Project("{FAE04EC0-301F-11D3-BF4B-00C04F79EFBC}") = "UnturnedRedistExample.Reflection", "Reflection\UnturnedRedistExample.Reflection.csproj", "{E27A0926-F77A-4DA3-9BEA-42C646A9DE95}"
EndProject
Global
	GlobalSection(SolutionConfigurationPlatforms) = preSolution
		Debug|Any CPU = Debug|Any CPU
		Debug|x64 = Debug|x64
		Debug|x86 = Debug|x86
		Release|Any CPU = Release|Any CPU
		Release|x64 = Release|x64
		Release|x86 = Release|x86
	EndGlobalSection
	GlobalSection(ProjectConfigurationPlatforms) = postSolution
		{48B3A1E5-F587-42CC-93BC-91562998D480}.Debug|Any CPU.ActiveCfg = Debug|Any CPU
		{48B3A1E5-F587-42CC-93BC-91562998D480}.Debug|Any CPU.Build.0 = Debug|Any CPU
		{48B3A1E5-F587-42CC-93BC-91562998D480}.Debug|x64.ActiveCfg = Debug|Any CPU
		{48B3A1E5-F587-42CC-93BC-91562998D480}.Debug|x64.Build.0 = Debug|Any CPU
		{48B3A1E5-F587-42CC-93BC-91562998D480}.Debug|x86.ActiveCfg = Debug|Any CPU
		{48B3A1E5-F587-42CC-93BC-91562998D480}.Debug|x86.Build.0 = Debug|Any CPU
		{48B3A1E5-F587-42CC-93BC-91562998D480}.Release|Any CPU.ActiveCfg = Release|Any CPU
		{48B3A1E5-F587-42CC-93BC-91562998D480}.Release|Any CPU.Build.0 = Release|Any CPU
		{48B3A1E5-F587-42CC-93BC-91562998D480}.Release|x64.ActiveCfg = Release|Any CPU
		{48B3A1E5-F587-42CC-93BC-91562998D480}.Release|x64.Build.0 = Release|Any CPU
		{48B3A1E5-F587-42CC-93BC-91562998D480}.Release|x86.ActiveCfg = Release|Any CPU
		{48B3A1E5-F587-42CC-93BC-91562998D480}.Release|x86.Build.0 = Release|Any CPU
		{E27A0926-F77A-4DA3-9BEA-42C646A9DE95}.Debug|Any CPU.ActiveCfg = Debug|Any CPU
		{E27A0926-F77A-4DA3-9BEA-42C646A9DE95}.Debug|Any CPU.Build.0 = Debug|Any CPU
		{E27A0926-F77A-4DA3-9BEA-42C646A9DE95}.Debug|x64.ActiveCfg = Debug|Any CPU
		{E27A0926-F77A-4DA3-9BEA-42C646A9DE95}.Debug|x64.Build.0 = Debug|Any CPU
		{E27A0926-F77A-4DA3-9BEA-42C646A9DE95}.Debug|x86.ActiveCfg = Debug|Any CPU
		{E27A0926-F77A-4DA3-9BEA-42C646A9DE95}.Debug|x86.Build.0 = Debug|Any CPU
		{E27A0926-F77A-4DA3-9BEA-42C646A9DE95}.Release|Any CPU.ActiveCfg = Release|Any CPU
		{E27A0926-F77A-4DA3-9BEA-42C646A9DE95}.Release|Any CPU.Build.0 = Release|Any CPU
		{E27A0926-F77A-4DA3-9BEA-42C646A9DE95}.Release|x64.ActiveCfg = Release|Any CPU
		{E27A0926-F77A-4DA3-9BEA-42C646A9DE95}.Release|x64.Build.0 = Release|Any CPU
		{E27A0926-F77A-4DA3-9BEA-42C646A9DE95}.Release|x86.ActiveCfg = Release|Any CPU
		{E27A0926-F77A-4DA3-9BEA-42C646A9DE95}.Release|x86.Build.0 = Release|Any CPU
	EndGlobalSection
	GlobalSection(SolutionProperties) = preSolution
		HideSolutionNode = FALSE
	EndGlobalSection
	GlobalSection(NestedProjects) = preSolution
		{48B3A1E5-F587-42CC-93BC-91562998D480} = {13690DB7-DDCB-4696-BED3-7D678EA970EF}
		{E27A0926-F77A-4DA3-9BEA-42C646A9DE95} = {4AEFA1A0-0E78-32D8-7F79-B3573092D8DF}
	EndGlobalSection
EndGlobal
